
Microsoft Visual Studio Solution File, Format Version 12.00
# Visual Studio Version 17
VisualStudioVersion = 17.0.31903.59
MinimumVisualStudioVersion = 10.0.40219.1
Project("{2150E333-8FDC-42A3-9474-1A3956D46DE8}") = "src", "src", "{5830ABFE-1D93-4B68-896A-75E1F19A9C15}"
EndProject
Project("{FAE04EC0-301F-11D3-BF4B-00C04F79EFBC}") = "API", "src\API\API.csproj", "{2FB5C880-8B46-4F94-942E-173F75C18FBE}"
EndProject
Project("{2150E333-8FDC-42A3-9474-1A3956D46DE8}") = "Core", "Core", "{65019848-0E5E-4AD0-94DF-C0510ECE3F90}"
EndProject
Project("{FAE04EC0-301F-11D3-BF4B-00C04F79EFBC}") = "Domain", "src\Core\Domain\Domain.csproj", "{17009DE1-DD63-4FBE-99B1-D25902484BDB}"
EndProject
Project("{FAE04EC0-301F-11D3-BF4B-00C04F79EFBC}") = "Application", "src\Core\Application\Application.csproj", "{5B2BD468-5D16-41D2-AE07-17BA82870E42}"
EndProject
Project("{FAE04EC0-301F-11D3-BF4B-00C04F79EFBC}") = "Infrastructure", "src\Infrastructure\Infrastructure.csproj", "{9CDDDFE9-185A-4FBC-94F1-640B40E2E32E}"
EndProject
Project("{2150E333-8FDC-42A3-9474-1A3956D46DE8}") = "test", "test", "{F5D75EF6-F1A1-4BB3-AFC5-E14A518961D0}"
EndProject
Project("{FAE04EC0-301F-11D3-BF4B-00C04F79EFBC}") = "Integration.Tests", "test\IntegrationTests\Integration.Tests.csproj", "{187E2EDA-59C2-4B75-B431-41EBD863B995}"
EndProject
Project("{2150E333-8FDC-42A3-9474-1A3956D46DE8}") = "UnitTests", "UnitTests", "{61CE4275-C3A7-4A98-B2DE-19C2E14072E4}"
EndProject
Project("{2150E333-8FDC-42A3-9474-1A3956D46DE8}") = "Core", "Core", "{8DCC2A6E-45CC-4FB0-B177-A38A915CBEA2}"
EndProject
Project("{FAE04EC0-301F-11D3-BF4B-00C04F79EFBC}") = "Application.Tests", "test\UnitTests\Core\Application\Application.Tests.csproj", "{8C92189D-6667-4D38-AB59-92975F74A871}"
EndProject
Project("{FAE04EC0-301F-11D3-BF4B-00C04F79EFBC}") = "Domain.Tests", "test\UnitTests\Core\Domain\Domain.Tests.csproj", "{9F39D72C-7735-4DAF-8911-41E886CCDE50}"
EndProject
Project("{FAE04EC0-301F-11D3-BF4B-00C04F79EFBC}") = "Infrastructure.Tests", "test\UnitTests\Infrastructure\Infrastructure.Tests.csproj", "{83A726FD-EC2F-4AFE-96FF-B3B577D67638}"
EndProject
Global
	GlobalSection(SolutionConfigurationPlatforms) = preSolution
		Debug|Any CPU = Debug|Any CPU
		Release|Any CPU = Release|Any CPU
	EndGlobalSection
	GlobalSection(SolutionProperties) = preSolution
		HideSolutionNode = FALSE
	EndGlobalSection
	GlobalSection(ProjectConfigurationPlatforms) = postSolution
		{2FB5C880-8B46-4F94-942E-173F75C18FBE}.Debug|Any CPU.ActiveCfg = Debug|Any CPU
		{2FB5C880-8B46-4F94-942E-173F75C18FBE}.Debug|Any CPU.Build.0 = Debug|Any CPU
		{2FB5C880-8B46-4F94-942E-173F75C18FBE}.Release|Any CPU.ActiveCfg = Release|Any CPU
		{2FB5C880-8B46-4F94-942E-173F75C18FBE}.Release|Any CPU.Build.0 = Release|Any CPU
		{17009DE1-DD63-4FBE-99B1-D25902484BDB}.Debug|Any CPU.ActiveCfg = Debug|Any CPU
		{17009DE1-DD63-4FBE-99B1-D25902484BDB}.Debug|Any CPU.Build.0 = Debug|Any CPU
		{17009DE1-DD63-4FBE-99B1-D25902484BDB}.Release|Any CPU.ActiveCfg = Release|Any CPU
		{17009DE1-DD63-4FBE-99B1-D25902484BDB}.Release|Any CPU.Build.0 = Release|Any CPU
		{5B2BD468-5D16-41D2-AE07-17BA82870E42}.Debug|Any CPU.ActiveCfg = Debug|Any CPU
		{5B2BD468-5D16-41D2-AE07-17BA82870E42}.Debug|Any CPU.Build.0 = Debug|Any CPU
		{5B2BD468-5D16-41D2-AE07-17BA82870E42}.Release|Any CPU.ActiveCfg = Release|Any CPU
		{5B2BD468-5D16-41D2-AE07-17BA82870E42}.Release|Any CPU.Build.0 = Release|Any CPU
		{9CDDDFE9-185A-4FBC-94F1-640B40E2E32E}.Debug|Any CPU.ActiveCfg = Debug|Any CPU
		{9CDDDFE9-185A-4FBC-94F1-640B40E2E32E}.Debug|Any CPU.Build.0 = Debug|Any CPU
		{9CDDDFE9-185A-4FBC-94F1-640B40E2E32E}.Release|Any CPU.ActiveCfg = Release|Any CPU
		{9CDDDFE9-185A-4FBC-94F1-640B40E2E32E}.Release|Any CPU.Build.0 = Release|Any CPU
		{187E2EDA-59C2-4B75-B431-41EBD863B995}.Debug|Any CPU.ActiveCfg = Debug|Any CPU
		{187E2EDA-59C2-4B75-B431-41EBD863B995}.Debug|Any CPU.Build.0 = Debug|Any CPU
		{187E2EDA-59C2-4B75-B431-41EBD863B995}.Release|Any CPU.ActiveCfg = Release|Any CPU
		{187E2EDA-59C2-4B75-B431-41EBD863B995}.Release|Any CPU.Build.0 = Release|Any CPU
		{8C92189D-6667-4D38-AB59-92975F74A871}.Debug|Any CPU.ActiveCfg = Debug|Any CPU
		{8C92189D-6667-4D38-AB59-92975F74A871}.Debug|Any CPU.Build.0 = Debug|Any CPU
		{8C92189D-6667-4D38-AB59-92975F74A871}.Release|Any CPU.ActiveCfg = Release|Any CPU
		{8C92189D-6667-4D38-AB59-92975F74A871}.Release|Any CPU.Build.0 = Release|Any CPU
		{9F39D72C-7735-4DAF-8911-41E886CCDE50}.Debug|Any CPU.ActiveCfg = Debug|Any CPU
		{9F39D72C-7735-4DAF-8911-41E886CCDE50}.Debug|Any CPU.Build.0 = Debug|Any CPU
		{9F39D72C-7735-4DAF-8911-41E886CCDE50}.Release|Any CPU.ActiveCfg = Release|Any CPU
		{9F39D72C-7735-4DAF-8911-41E886CCDE50}.Release|Any CPU.Build.0 = Release|Any CPU
		{83A726FD-EC2F-4AFE-96FF-B3B577D67638}.Debug|Any CPU.ActiveCfg = Debug|Any CPU
		{83A726FD-EC2F-4AFE-96FF-B3B577D67638}.Debug|Any CPU.Build.0 = Debug|Any CPU
		{83A726FD-EC2F-4AFE-96FF-B3B577D67638}.Release|Any CPU.ActiveCfg = Release|Any CPU
		{83A726FD-EC2F-4AFE-96FF-B3B577D67638}.Release|Any CPU.Build.0 = Release|Any CPU
	EndGlobalSection
	GlobalSection(NestedProjects) = preSolution
		{2FB5C880-8B46-4F94-942E-173F75C18FBE} = {5830ABFE-1D93-4B68-896A-75E1F19A9C15}
		{65019848-0E5E-4AD0-94DF-C0510ECE3F90} = {5830ABFE-1D93-4B68-896A-75E1F19A9C15}
		{17009DE1-DD63-4FBE-99B1-D25902484BDB} = {65019848-0E5E-4AD0-94DF-C0510ECE3F90}
		{5B2BD468-5D16-41D2-AE07-17BA82870E42} = {65019848-0E5E-4AD0-94DF-C0510ECE3F90}
		{9CDDDFE9-185A-4FBC-94F1-640B40E2E32E} = {5830ABFE-1D93-4B68-896A-75E1F19A9C15}
		{187E2EDA-59C2-4B75-B431-41EBD863B995} = {F5D75EF6-F1A1-4BB3-AFC5-E14A518961D0}
		{61CE4275-C3A7-4A98-B2DE-19C2E14072E4} = {F5D75EF6-F1A1-4BB3-AFC5-E14A518961D0}
		{8DCC2A6E-45CC-4FB0-B177-A38A915CBEA2} = {61CE4275-C3A7-4A98-B2DE-19C2E14072E4}
		{8C92189D-6667-4D38-AB59-92975F74A871} = {8DCC2A6E-45CC-4FB0-B177-A38A915CBEA2}
		{9F39D72C-7735-4DAF-8911-41E886CCDE50} = {8DCC2A6E-45CC-4FB0-B177-A38A915CBEA2}
		{83A726FD-EC2F-4AFE-96FF-B3B577D67638} = {61CE4275-C3A7-4A98-B2DE-19C2E14072E4}
	EndGlobalSection
EndGlobal
